
Microsoft Visual Studio Solution File, Format Version 12.00
# Visual Studio Version 17
VisualStudioVersion = 17.13.35818.85 d17.13
MinimumVisualStudioVersion = 10.0.40219.1
Project("{FAE04EC0-301F-11D3-BF4B-00C04F79EFBC}") = "Todo.API", "Todo\Todo.API\Todo.API.csproj", "{011B5AB1-0A63-4CAA-8EFB-82858C9579E9}"
EndProject
Project("{FAE04EC0-301F-11D3-BF4B-00C04F79EFBC}") = "Todo.BusinessLogic", "Todo\Todo.BusinessLogic\Todo.BusinessLogic.csproj", "{9F95A05B-FAE3-4F16-B795-227274F68E8E}"
EndProject
Project("{FAE04EC0-301F-11D3-BF4B-00C04F79EFBC}") = "Todo.DataAccess", "Todo\Todo.DataAccess\Todo.DataAccess.csproj", "{D4752E7A-ABB7-4D22-B244-2B9D558D5DE7}"
EndProject
Project("{FAE04EC0-301F-11D3-BF4B-00C04F79EFBC}") = "Todo.Entities", "Todo\Todo.Entities\Todo.Entities.csproj", "{77368B24-8D0C-4374-A7D3-FD432DE7A108}"
EndProject
Project("{FAE04EC0-301F-11D3-BF4B-00C04F79EFBC}") = "Todo.Utilities", "Todo\Todo.Utilities\Todo.Utilities.csproj", "{DCE72817-C8A2-4C20-A48C-C8A8713DB19B}"
EndProject
Global
	GlobalSection(SolutionConfigurationPlatforms) = preSolution
		Debug|Any CPU = Debug|Any CPU
		Release|Any CPU = Release|Any CPU
	EndGlobalSection
	GlobalSection(ProjectConfigurationPlatforms) = postSolution
		{011B5AB1-0A63-4CAA-8EFB-82858C9579E9}.Debug|Any CPU.ActiveCfg = Debug|Any CPU
		{011B5AB1-0A63-4CAA-8EFB-82858C9579E9}.Debug|Any CPU.Build.0 = Debug|Any CPU
		{011B5AB1-0A63-4CAA-8EFB-82858C9579E9}.Release|Any CPU.ActiveCfg = Release|Any CPU
		{011B5AB1-0A63-4CAA-8EFB-82858C9579E9}.Release|Any CPU.Build.0 = Release|Any CPU
		{9F95A05B-FAE3-4F16-B795-227274F68E8E}.Debug|Any CPU.ActiveCfg = Debug|Any CPU
		{9F95A05B-FAE3-4F16-B795-227274F68E8E}.Debug|Any CPU.Build.0 = Debug|Any CPU
		{9F95A05B-FAE3-4F16-B795-227274F68E8E}.Release|Any CPU.ActiveCfg = Release|Any CPU
		{9F95A05B-FAE3-4F16-B795-227274F68E8E}.Release|Any CPU.Build.0 = Release|Any CPU
		{D4752E7A-ABB7-4D22-B244-2B9D558D5DE7}.Debug|Any CPU.ActiveCfg = Debug|Any CPU
		{D4752E7A-ABB7-4D22-B244-2B9D558D5DE7}.Debug|Any CPU.Build.0 = Debug|Any CPU
		{D4752E7A-ABB7-4D22-B244-2B9D558D5DE7}.Release|Any CPU.ActiveCfg = Release|Any CPU
		{D4752E7A-ABB7-4D22-B244-2B9D558D5DE7}.Release|Any CPU.Build.0 = Release|Any CPU
		{77368B24-8D0C-4374-A7D3-FD432DE7A108}.Debug|Any CPU.ActiveCfg = Debug|Any CPU
		{77368B24-8D0C-4374-A7D3-FD432DE7A108}.Debug|Any CPU.Build.0 = Debug|Any CPU
		{77368B24-8D0C-4374-A7D3-FD432DE7A108}.Release|Any CPU.ActiveCfg = Release|Any CPU
		{77368B24-8D0C-4374-A7D3-FD432DE7A108}.Release|Any CPU.Build.0 = Release|Any CPU
		{DCE72817-C8A2-4C20-A48C-C8A8713DB19B}.Debug|Any CPU.ActiveCfg = Debug|Any CPU
		{DCE72817-C8A2-4C20-A48C-C8A8713DB19B}.Debug|Any CPU.Build.0 = Debug|Any CPU
		{DCE72817-C8A2-4C20-A48C-C8A8713DB19B}.Release|Any CPU.ActiveCfg = Release|Any CPU
		{DCE72817-C8A2-4C20-A48C-C8A8713DB19B}.Release|Any CPU.Build.0 = Release|Any CPU
	EndGlobalSection
	GlobalSection(SolutionProperties) = preSolution
		HideSolutionNode = FALSE
	EndGlobalSection
	GlobalSection(ExtensibilityGlobals) = postSolution
		SolutionGuid = {F655EC93-3F26-4FC8-930C-476B7EA396EB}
	EndGlobalSection
EndGlobal
